// !$*UTF8*$!
{
	archiveVersion = 1;
	classes = {
	};
	objectVersion = 48;
	objects = {

/* Begin PBXBuildFile section */
		D6DE983D1F95AB8600AA07D4 /* AppDelegate.swift in Sources */ = {isa = PBXBuildFile; fileRef = D6DE983C1F95AB8600AA07D4 /* AppDelegate.swift */; };
		D6DE983F1F95AB8600AA07D4 /* ViewController.swift in Sources */ = {isa = PBXBuildFile; fileRef = D6DE983E1F95AB8600AA07D4 /* ViewController.swift */; };
		D6DE98421F95AB8600AA07D4 /* Main.storyboard in Resources */ = {isa = PBXBuildFile; fileRef = D6DE98401F95AB8600AA07D4 /* Main.storyboard */; };
		D6DE98441F95AB8600AA07D4 /* Assets.xcassets in Resources */ = {isa = PBXBuildFile; fileRef = D6DE98431F95AB8600AA07D4 /* Assets.xcassets */; };
		D6DE98471F95AB8600AA07D4 /* LaunchScreen.storyboard in Resources */ = {isa = PBXBuildFile; fileRef = D6DE98451F95AB8600AA07D4 /* LaunchScreen.storyboard */; };
		D6DE98521F95AB8700AA07D4 /* Quiz17OctNo1Tests.swift in Sources */ = {isa = PBXBuildFile; fileRef = D6DE98511F95AB8700AA07D4 /* Quiz17OctNo1Tests.swift */; };
		D6DE985D1F95AB8700AA07D4 /* Quiz17OctNo1UITests.swift in Sources */ = {isa = PBXBuildFile; fileRef = D6DE985C1F95AB8700AA07D4 /* Quiz17OctNo1UITests.swift */; };
		D6DE986B1F95AD2200AA07D4 /* TableViewController.swift in Sources */ = {isa = PBXBuildFile; fileRef = D6DE986A1F95AD2200AA07D4 /* TableViewController.swift */; };
/* End PBXBuildFile section */

/* Begin PBXContainerItemProxy section */
		D6DE984E1F95AB8700AA07D4 /* PBXContainerItemProxy */ = {
			isa = PBXContainerItemProxy;
			containerPortal = D6DE98311F95AB8600AA07D4 /* Project object */;
			proxyType = 1;
			remoteGlobalIDString = D6DE98381F95AB8600AA07D4;
			remoteInfo = Quiz17OctNo1;
		};
		D6DE98591F95AB8700AA07D4 /* PBXContainerItemProxy */ = {
			isa = PBXContainerItemProxy;
			containerPortal = D6DE98311F95AB8600AA07D4 /* Project object */;
			proxyType = 1;
			remoteGlobalIDString = D6DE98381F95AB8600AA07D4;
			remoteInfo = Quiz17OctNo1;
		};
/* End PBXContainerItemProxy section */

/* Begin PBXFileReference section */
		D6DE98391F95AB8600AA07D4 /* Quiz17OctNo1.app */ = {isa = PBXFileReference; explicitFileType = wrapper.application; includeInIndex = 0; path = Quiz17OctNo1.app; sourceTree = BUILT_PRODUCTS_DIR; };
		D6DE983C1F95AB8600AA07D4 /* AppDelegate.swift */ = {isa = PBXFileReference; lastKnownFileType = sourcecode.swift; path = AppDelegate.swift; sourceTree = "<group>"; };
		D6DE983E1F95AB8600AA07D4 /* ViewController.swift */ = {isa = PBXFileReference; lastKnownFileType = sourcecode.swift; path = ViewController.swift; sourceTree = "<group>"; };
		D6DE98411F95AB8600AA07D4 /* Base */ = {isa = PBXFileReference; lastKnownFileType = file.storyboard; name = Base; path = Base.lproj/Main.storyboard; sourceTree = "<group>"; };
		D6DE98431F95AB8600AA07D4 /* Assets.xcassets */ = {isa = PBXFileReference; lastKnownFileType = folder.assetcatalog; path = Assets.xcassets; sourceTree = "<group>"; };
		D6DE98461F95AB8600AA07D4 /* Base */ = {isa = PBXFileReference; lastKnownFileType = file.storyboard; name = Base; path = Base.lproj/LaunchScreen.storyboard; sourceTree = "<group>"; };
		D6DE98481F95AB8600AA07D4 /* Info.plist */ = {isa = PBXFileReference; lastKnownFileType = text.plist.xml; path = Info.plist; sourceTree = "<group>"; };
		D6DE984D1F95AB8700AA07D4 /* Quiz17OctNo1Tests.xctest */ = {isa = PBXFileReference; explicitFileType = wrapper.cfbundle; includeInIndex = 0; path = Quiz17OctNo1Tests.xctest; sourceTree = BUILT_PRODUCTS_DIR; };
		D6DE98511F95AB8700AA07D4 /* Quiz17OctNo1Tests.swift */ = {isa = PBXFileReference; lastKnownFileType = sourcecode.swift; path = Quiz17OctNo1Tests.swift; sourceTree = "<group>"; };
		D6DE98531F95AB8700AA07D4 /* Info.plist */ = {isa = PBXFileReference; lastKnownFileType = text.plist.xml; path = Info.plist; sourceTree = "<group>"; };
		D6DE98581F95AB8700AA07D4 /* Quiz17OctNo1UITests.xctest */ = {isa = PBXFileReference; explicitFileType = wrapper.cfbundle; includeInIndex = 0; path = Quiz17OctNo1UITests.xctest; sourceTree = BUILT_PRODUCTS_DIR; };
		D6DE985C1F95AB8700AA07D4 /* Quiz17OctNo1UITests.swift */ = {isa = PBXFileReference; lastKnownFileType = sourcecode.swift; path = Quiz17OctNo1UITests.swift; sourceTree = "<group>"; };
		D6DE985E1F95AB8700AA07D4 /* Info.plist */ = {isa = PBXFileReference; lastKnownFileType = text.plist.xml; path = Info.plist; sourceTree = "<group>"; };
		D6DE986A1F95AD2200AA07D4 /* TableViewController.swift */ = {isa = PBXFileReference; lastKnownFileType = sourcecode.swift; path = TableViewController.swift; sourceTree = "<group>"; };
/* End PBXFileReference section */

/* Begin PBXFrameworksBuildPhase section */
		D6DE98361F95AB8600AA07D4 /* Frameworks */ = {
			isa = PBXFrameworksBuildPhase;
			buildActionMask = 2147483647;
			files = (
			);
			runOnlyForDeploymentPostprocessing = 0;
		};
		D6DE984A1F95AB8700AA07D4 /* Frameworks */ = {
			isa = PBXFrameworksBuildPhase;
			buildActionMask = 2147483647;
			files = (
			);
			runOnlyForDeploymentPostprocessing = 0;
		};
		D6DE98551F95AB8700AA07D4 /* Frameworks */ = {
			isa = PBXFrameworksBuildPhase;
			buildActionMask = 2147483647;
			files = (
			);
			runOnlyForDeploymentPostprocessing = 0;
		};
/* End PBXFrameworksBuildPhase section */

/* Begin PBXGroup section */
		D6DE98301F95AB8600AA07D4 = {
			isa = PBXGroup;
			children = (
				D6DE983B1F95AB8600AA07D4 /* Quiz17OctNo1 */,
				D6DE98501F95AB8700AA07D4 /* Quiz17OctNo1Tests */,
				D6DE985B1F95AB8700AA07D4 /* Quiz17OctNo1UITests */,
				D6DE983A1F95AB8600AA07D4 /* Products */,
			);
			sourceTree = "<group>";
		};
		D6DE983A1F95AB8600AA07D4 /* Products */ = {
			isa = PBXGroup;
			children = (
				D6DE98391F95AB8600AA07D4 /* Quiz17OctNo1.app */,
				D6DE984D1F95AB8700AA07D4 /* Quiz17OctNo1Tests.xctest */,
				D6DE98581F95AB8700AA07D4 /* Quiz17OctNo1UITests.xctest */,
			);
			name = Products;
			sourceTree = "<group>";
		};
		D6DE983B1F95AB8600AA07D4 /* Quiz17OctNo1 */ = {
			isa = PBXGroup;
			children = (
				D6DE983C1F95AB8600AA07D4 /* AppDelegate.swift */,
				D6DE983E1F95AB8600AA07D4 /* ViewController.swift */,
				D6DE98401F95AB8600AA07D4 /* Main.storyboard */,
				D6DE98431F95AB8600AA07D4 /* Assets.xcassets */,
				D6DE98451F95AB8600AA07D4 /* LaunchScreen.storyboard */,
				D6DE986A1F95AD2200AA07D4 /* TableViewController.swift */,
				D6DE98481F95AB8600AA07D4 /* Info.plist */,
			);
			path = Quiz17OctNo1;
			sourceTree = "<group>";
		};
		D6DE98501F95AB8700AA07D4 /* Quiz17OctNo1Tests */ = {
			isa = PBXGroup;
			children = (
				D6DE98511F95AB8700AA07D4 /* Quiz17OctNo1Tests.swift */,
				D6DE98531F95AB8700AA07D4 /* Info.plist */,
			);
			path = Quiz17OctNo1Tests;
			sourceTree = "<group>";
		};
		D6DE985B1F95AB8700AA07D4 /* Quiz17OctNo1UITests */ = {
			isa = PBXGroup;
			children = (
				D6DE985C1F95AB8700AA07D4 /* Quiz17OctNo1UITests.swift */,
				D6DE985E1F95AB8700AA07D4 /* Info.plist */,
			);
			path = Quiz17OctNo1UITests;
			sourceTree = "<group>";
		};
/* End PBXGroup section */

/* Begin PBXNativeTarget section */
		D6DE98381F95AB8600AA07D4 /* Quiz17OctNo1 */ = {
			isa = PBXNativeTarget;
			buildConfigurationList = D6DE98611F95AB8700AA07D4 /* Build configuration list for PBXNativeTarget "Quiz17OctNo1" */;
			buildPhases = (
				D6DE98351F95AB8600AA07D4 /* Sources */,
				D6DE98361F95AB8600AA07D4 /* Frameworks */,
				D6DE98371F95AB8600AA07D4 /* Resources */,
			);
			buildRules = (
			);
			dependencies = (
			);
			name = Quiz17OctNo1;
			productName = Quiz17OctNo1;
			productReference = D6DE98391F95AB8600AA07D4 /* Quiz17OctNo1.app */;
			productType = "com.apple.product-type.application";
		};
		D6DE984C1F95AB8700AA07D4 /* Quiz17OctNo1Tests */ = {
			isa = PBXNativeTarget;
			buildConfigurationList = D6DE98641F95AB8700AA07D4 /* Build configuration list for PBXNativeTarget "Quiz17OctNo1Tests" */;
			buildPhases = (
				D6DE98491F95AB8700AA07D4 /* Sources */,
				D6DE984A1F95AB8700AA07D4 /* Frameworks */,
				D6DE984B1F95AB8700AA07D4 /* Resources */,
			);
			buildRules = (
			);
			dependencies = (
				D6DE984F1F95AB8700AA07D4 /* PBXTargetDependency */,
			);
			name = Quiz17OctNo1Tests;
			productName = Quiz17OctNo1Tests;
			productReference = D6DE984D1F95AB8700AA07D4 /* Quiz17OctNo1Tests.xctest */;
			productType = "com.apple.product-type.bundle.unit-test";
		};
		D6DE98571F95AB8700AA07D4 /* Quiz17OctNo1UITests */ = {
			isa = PBXNativeTarget;
			buildConfigurationList = D6DE98671F95AB8700AA07D4 /* Build configuration list for PBXNativeTarget "Quiz17OctNo1UITests" */;
			buildPhases = (
				D6DE98541F95AB8700AA07D4 /* Sources */,
				D6DE98551F95AB8700AA07D4 /* Frameworks */,
				D6DE98561F95AB8700AA07D4 /* Resources */,
			);
			buildRules = (
			);
			dependencies = (
				D6DE985A1F95AB8700AA07D4 /* PBXTargetDependency */,
			);
			name = Quiz17OctNo1UITests;
			productName = Quiz17OctNo1UITests;
			productReference = D6DE98581F95AB8700AA07D4 /* Quiz17OctNo1UITests.xctest */;
			productType = "com.apple.product-type.bundle.ui-testing";
		};
/* End PBXNativeTarget section */

/* Begin PBXProject section */
		D6DE98311F95AB8600AA07D4 /* Project object */ = {
			isa = PBXProject;
			attributes = {
				LastSwiftUpdateCheck = 0900;
				LastUpgradeCheck = 0900;
				ORGANIZATIONNAME = "Be Dev";
				TargetAttributes = {
					D6DE98381F95AB8600AA07D4 = {
						CreatedOnToolsVersion = 9.0;
						ProvisioningStyle = Automatic;
					};
					D6DE984C1F95AB8700AA07D4 = {
						CreatedOnToolsVersion = 9.0;
						ProvisioningStyle = Automatic;
						TestTargetID = D6DE98381F95AB8600AA07D4;
					};
					D6DE98571F95AB8700AA07D4 = {
						CreatedOnToolsVersion = 9.0;
						ProvisioningStyle = Automatic;
						TestTargetID = D6DE98381F95AB8600AA07D4;
					};
				};
			};
			buildConfigurationList = D6DE98341F95AB8600AA07D4 /* Build configuration list for PBXProject "Quiz17OctNo1" */;
			compatibilityVersion = "Xcode 8.0";
			developmentRegion = en;
			hasScannedForEncodings = 0;
			knownRegions = (
				en,
				Base,
			);
			mainGroup = D6DE98301F95AB8600AA07D4;
			productRefGroup = D6DE983A1F95AB8600AA07D4 /* Products */;
			projectDirPath = "";
			projectRoot = "";
			targets = (
				D6DE98381F95AB8600AA07D4 /* Quiz17OctNo1 */,
				D6DE984C1F95AB8700AA07D4 /* Quiz17OctNo1Tests */,
				D6DE98571F95AB8700AA07D4 /* Quiz17OctNo1UITests */,
			);
		};
/* End PBXProject section */

/* Begin PBXResourcesBuildPhase section */
		D6DE98371F95AB8600AA07D4 /* Resources */ = {
			isa = PBXResourcesBuildPhase;
			buildActionMask = 2147483647;
			files = (
				D6DE98471F95AB8600AA07D4 /* LaunchScreen.storyboard in Resources */,
				D6DE98441F95AB8600AA07D4 /* Assets.xcassets in Resources */,
				D6DE98421F95AB8600AA07D4 /* Main.storyboard in Resources */,
			);
			runOnlyForDeploymentPostprocessing = 0;
		};
		D6DE984B1F95AB8700AA07D4 /* Resources */ = {
			isa = PBXResourcesBuildPhase;
			buildActionMask = 2147483647;
			files = (
			);
			runOnlyForDeploymentPostprocessing = 0;
		};
		D6DE98561F95AB8700AA07D4 /* Resources */ = {
			isa = PBXResourcesBuildPhase;
			buildActionMask = 2147483647;
			files = (
			);
			runOnlyForDeploymentPostprocessing = 0;
		};
/* End PBXResourcesBuildPhase section */

/* Begin PBXSourcesBuildPhase section */
		D6DE98351F95AB8600AA07D4 /* Sources */ = {
			isa = PBXSourcesBuildPhase;
			buildActionMask = 2147483647;
			files = (
				D6DE983F1F95AB8600AA07D4 /* ViewController.swift in Sources */,
				D6DE986B1F95AD2200AA07D4 /* TableViewController.swift in Sources */,
				D6DE983D1F95AB8600AA07D4 /* AppDelegate.swift in Sources */,
			);
			runOnlyForDeploymentPostprocessing = 0;
		};
		D6DE98491F95AB8700AA07D4 /* Sources */ = {
			isa = PBXSourcesBuildPhase;
			buildActionMask = 2147483647;
			files = (
				D6DE98521F95AB8700AA07D4 /* Quiz17OctNo1Tests.swift in Sources */,
			);
			runOnlyForDeploymentPostprocessing = 0;
		};
		D6DE98541F95AB8700AA07D4 /* Sources */ = {
			isa = PBXSourcesBuildPhase;
			buildActionMask = 2147483647;
			files = (
				D6DE985D1F95AB8700AA07D4 /* Quiz17OctNo1UITests.swift in Sources */,
			);
			runOnlyForDeploymentPostprocessing = 0;
		};
/* End PBXSourcesBuildPhase section */

/* Begin PBXTargetDependency section */
		D6DE984F1F95AB8700AA07D4 /* PBXTargetDependency */ = {
			isa = PBXTargetDependency;
			target = D6DE98381F95AB8600AA07D4 /* Quiz17OctNo1 */;
			targetProxy = D6DE984E1F95AB8700AA07D4 /* PBXContainerItemProxy */;
		};
		D6DE985A1F95AB8700AA07D4 /* PBXTargetDependency */ = {
			isa = PBXTargetDependency;
			target = D6DE98381F95AB8600AA07D4 /* Quiz17OctNo1 */;
			targetProxy = D6DE98591F95AB8700AA07D4 /* PBXContainerItemProxy */;
		};
/* End PBXTargetDependency section */

/* Begin PBXVariantGroup section */
		D6DE98401F95AB8600AA07D4 /* Main.storyboard */ = {
			isa = PBXVariantGroup;
			children = (
				D6DE98411F95AB8600AA07D4 /* Base */,
			);
			name = Main.storyboard;
			sourceTree = "<group>";
		};
		D6DE98451F95AB8600AA07D4 /* LaunchScreen.storyboard */ = {
			isa = PBXVariantGroup;
			children = (
				D6DE98461F95AB8600AA07D4 /* Base */,
			);
			name = LaunchScreen.storyboard;
			sourceTree = "<group>";
		};
/* End PBXVariantGroup section */

/* Begin XCBuildConfiguration section */
		D6DE985F1F95AB8700AA07D4 /* Debug */ = {
			isa = XCBuildConfiguration;
			buildSettings = {
				ALWAYS_SEARCH_USER_PATHS = NO;
				CLANG_ANALYZER_NONNULL = YES;
				CLANG_ANALYZER_NUMBER_OBJECT_CONVERSION = YES_AGGRESSIVE;
				CLANG_CXX_LANGUAGE_STANDARD = "gnu++14";
				CLANG_CXX_LIBRARY = "libc++";
				CLANG_ENABLE_MODULES = YES;
				CLANG_ENABLE_OBJC_ARC = YES;
				CLANG_WARN_BLOCK_CAPTURE_AUTORELEASING = YES;
				CLANG_WARN_BOOL_CONVERSION = YES;
				CLANG_WARN_COMMA = YES;
				CLANG_WARN_CONSTANT_CONVERSION = YES;
				CLANG_WARN_DIRECT_OBJC_ISA_USAGE = YES_ERROR;
				CLANG_WARN_DOCUMENTATION_COMMENTS = YES;
				CLANG_WARN_EMPTY_BODY = YES;
				CLANG_WARN_ENUM_CONVERSION = YES;
				CLANG_WARN_INFINITE_RECURSION = YES;
				CLANG_WARN_INT_CONVERSION = YES;
				CLANG_WARN_NON_LITERAL_NULL_CONVERSION = YES;
				CLANG_WARN_OBJC_LITERAL_CONVERSION = YES;
				CLANG_WARN_OBJC_ROOT_CLASS = YES_ERROR;
				CLANG_WARN_RANGE_LOOP_ANALYSIS = YES;
				CLANG_WARN_STRICT_PROTOTYPES = YES;
				CLANG_WARN_SUSPICIOUS_MOVE = YES;
				CLANG_WARN_UNGUARDED_AVAILABILITY = YES_AGGRESSIVE;
				CLANG_WARN_UNREACHABLE_CODE = YES;
				CLANG_WARN__DUPLICATE_METHOD_MATCH = YES;
				CODE_SIGN_IDENTITY = "iPhone Developer";
				COPY_PHASE_STRIP = NO;
				DEBUG_INFORMATION_FORMAT = dwarf;
				ENABLE_STRICT_OBJC_MSGSEND = YES;
				ENABLE_TESTABILITY = YES;
				GCC_C_LANGUAGE_STANDARD = gnu11;
				GCC_DYNAMIC_NO_PIC = NO;
				GCC_NO_COMMON_BLOCKS = YES;
				GCC_OPTIMIZATION_LEVEL = 0;
				GCC_PREPROCESSOR_DEFINITIONS = (
					"DEBUG=1",
					"$(inherited)",
				);
				GCC_WARN_64_TO_32_BIT_CONVERSION = YES;
				GCC_WARN_ABOUT_RETURN_TYPE = YES_ERROR;
				GCC_WARN_UNDECLARED_SELECTOR = YES;
				GCC_WARN_UNINITIALIZED_AUTOS = YES_AGGRESSIVE;
				GCC_WARN_UNUSED_FUNCTION = YES;
				GCC_WARN_UNUSED_VARIABLE = YES;
				IPHONEOS_DEPLOYMENT_TARGET = 11.0;
				MTL_ENABLE_DEBUG_INFO = YES;
				ONLY_ACTIVE_ARCH = YES;
				SDKROOT = iphoneos;
				SWIFT_ACTIVE_COMPILATION_CONDITIONS = DEBUG;
				SWIFT_OPTIMIZATION_LEVEL = "-Onone";
			};
			name = Debug;
		};
		D6DE98601F95AB8700AA07D4 /* Release */ = {
			isa = XCBuildConfiguration;
			buildSettings = {
				ALWAYS_SEARCH_USER_PATHS = NO;
				CLANG_ANALYZER_NONNULL = YES;
				CLANG_ANALYZER_NUMBER_OBJECT_CONVERSION = YES_AGGRESSIVE;
				CLANG_CXX_LANGUAGE_STANDARD = "gnu++14";
				CLANG_CXX_LIBRARY = "libc++";
				CLANG_ENABLE_MODULES = YES;
				CLANG_ENABLE_OBJC_ARC = YES;
				CLANG_WARN_BLOCK_CAPTURE_AUTORELEASING = YES;
				CLANG_WARN_BOOL_CONVERSION = YES;
				CLANG_WARN_COMMA = YES;
				CLANG_WARN_CONSTANT_CONVERSION = YES;
				CLANG_WARN_DIRECT_OBJC_ISA_USAGE = YES_ERROR;
				CLANG_WARN_DOCUMENTATION_COMMENTS = YES;
				CLANG_WARN_EMPTY_BODY = YES;
				CLANG_WARN_ENUM_CONVERSION = YES;
				CLANG_WARN_INFINITE_RECURSION = YES;
				CLANG_WARN_INT_CONVERSION = YES;
				CLANG_WARN_NON_LITERAL_NULL_CONVERSION = YES;
				CLANG_WARN_OBJC_LITERAL_CONVERSION = YES;
				CLANG_WARN_OBJC_ROOT_CLASS = YES_ERROR;
				CLANG_WARN_RANGE_LOOP_ANALYSIS = YES;
				CLANG_WARN_STRICT_PROTOTYPES = YES;
				CLANG_WARN_SUSPICIOUS_MOVE = YES;
				CLANG_WARN_UNGUARDED_AVAILABILITY = YES_AGGRESSIVE;
				CLANG_WARN_UNREACHABLE_CODE = YES;
				CLANG_WARN__DUPLICATE_METHOD_MATCH = YES;
				CODE_SIGN_IDENTITY = "iPhone Developer";
				COPY_PHASE_STRIP = NO;
				DEBUG_INFORMATION_FORMAT = "dwarf-with-dsym";
				ENABLE_NS_ASSERTIONS = NO;
				ENABLE_STRICT_OBJC_MSGSEND = YES;
				GCC_C_LANGUAGE_STANDARD = gnu11;
				GCC_NO_COMMON_BLOCKS = YES;
				GCC_WARN_64_TO_32_BIT_CONVERSION = YES;
				GCC_WARN_ABOUT_RETURN_TYPE = YES_ERROR;
				GCC_WARN_UNDECLARED_SELECTOR = YES;
				GCC_WARN_UNINITIALIZED_AUTOS = YES_AGGRESSIVE;
				GCC_WARN_UNUSED_FUNCTION = YES;
				GCC_WARN_UNUSED_VARIABLE = YES;
				IPHONEOS_DEPLOYMENT_TARGET = 11.0;
				MTL_ENABLE_DEBUG_INFO = NO;
				SDKROOT = iphoneos;
				SWIFT_OPTIMIZATION_LEVEL = "-Owholemodule";
				VALIDATE_PRODUCT = YES;
			};
			name = Release;
		};
		D6DE98621F95AB8700AA07D4 /* Debug */ = {
			isa = XCBuildConfiguration;
			buildSettings = {
				ASSETCATALOG_COMPILER_APPICON_NAME = AppIcon;
				CODE_SIGN_STYLE = Automatic;
				INFOPLIST_FILE = Quiz17OctNo1/Info.plist;
				LD_RUNPATH_SEARCH_PATHS = "$(inherited) @executable_path/Frameworks";
				PRODUCT_BUNDLE_IDENTIFIER = "Unique-Developers.Quiz17OctNo1";
				PRODUCT_NAME = "$(TARGET_NAME)";
				SWIFT_VERSION = 4.0;
				TARGETED_DEVICE_FAMILY = "1,2";
			};
			name = Debug;
		};
		D6DE98631F95AB8700AA07D4 /* Release */ = {
			isa = XCBuildConfiguration;
			buildSettings = {
				ASSETCATALOG_COMPILER_APPICON_NAME = AppIcon;
				CODE_SIGN_STYLE = Automatic;
				INFOPLIST_FILE = Quiz17OctNo1/Info.plist;
				LD_RUNPATH_SEARCH_PATHS = "$(inherited) @executable_path/Frameworks";
				PRODUCT_BUNDLE_IDENTIFIER = "Unique-Developers.Quiz17OctNo1";
				PRODUCT_NAME = "$(TARGET_NAME)";
				SWIFT_VERSION = 4.0;
				TARGETED_DEVICE_FAMILY = "1,2";
			};
			name = Release;
		};
		D6DE98651F95AB8700AA07D4 /* Debug */ = {
			isa = XCBuildConfiguration;
			buildSettings = {
				ALWAYS_EMBED_SWIFT_STANDARD_LIBRARIES = YES;
				BUNDLE_LOADER = "$(TEST_HOST)";
				CODE_SIGN_STYLE = Automatic;
				INFOPLIST_FILE = Quiz17OctNo1Tests/Info.plist;
				LD_RUNPATH_SEARCH_PATHS = "$(inherited) @executable_path/Frameworks @loader_path/Frameworks";
				PRODUCT_BUNDLE_IDENTIFIER = "Unique-Developers.Quiz17OctNo1Tests";
				PRODUCT_NAME = "$(TARGET_NAME)";
				SWIFT_VERSION = 4.0;
				TARGETED_DEVICE_FAMILY = "1,2";
				TEST_HOST = "$(BUILT_PRODUCTS_DIR)/Quiz17OctNo1.app/Quiz17OctNo1";
			};
			name = Debug;
		};
		D6DE98661F95AB8700AA07D4 /* Release */ = {
			isa = XCBuildConfiguration;
			buildSettings = {
				ALWAYS_EMBED_SWIFT_STANDARD_LIBRARIES = YES;
				BUNDLE_LOADER = "$(TEST_HOST)";
				CODE_SIGN_STYLE = Automatic;
				INFOPLIST_FILE = Quiz17OctNo1Tests/Info.plist;
				LD_RUNPATH_SEARCH_PATHS = "$(inherited) @executable_path/Frameworks @loader_path/Frameworks";
				PRODUCT_BUNDLE_IDENTIFIER = "Unique-Developers.Quiz17OctNo1Tests";
				PRODUCT_NAME = "$(TARGET_NAME)";
				SWIFT_VERSION = 4.0;
				TARGETED_DEVICE_FAMILY = "1,2";
				TEST_HOST = "$(BUILT_PRODUCTS_DIR)/Quiz17OctNo1.app/Quiz17OctNo1";
			};
			name = Release;
		};
		D6DE98681F95AB8700AA07D4 /* Debug */ = {
			isa = XCBuildConfiguration;
			buildSettings = {
				ALWAYS_EMBED_SWIFT_STANDARD_LIBRARIES = YES;
				CODE_SIGN_STYLE = Automatic;
				INFOPLIST_FILE = Quiz17OctNo1UITests/Info.plist;
				LD_RUNPATH_SEARCH_PATHS = "$(inherited) @executable_path/Frameworks @loader_path/Frameworks";
				PRODUCT_BUNDLE_IDENTIFIER = "Unique-Developers.Quiz17OctNo1UITests";
				PRODUCT_NAME = "$(TARGET_NAME)";
				SWIFT_VERSION = 4.0;
				TARGETED_DEVICE_FAMILY = "1,2";
				TEST_TARGET_NAME = Quiz17OctNo1;
			};
			name = Debug;
		};
		D6DE98691F95AB8700AA07D4 /* Release */ = {
			isa = XCBuildConfiguration;
			buildSettings = {
				ALWAYS_EMBED_SWIFT_STANDARD_LIBRARIES = YES;
				CODE_SIGN_STYLE = Automatic;
				INFOPLIST_FILE = Quiz17OctNo1UITests/Info.plist;
				LD_RUNPATH_SEARCH_PATHS = "$(inherited) @executable_path/Frameworks @loader_path/Frameworks";
				PRODUCT_BUNDLE_IDENTIFIER = "Unique-Developers.Quiz17OctNo1UITests";
				PRODUCT_NAME = "$(TARGET_NAME)";
				SWIFT_VERSION = 4.0;
				TARGETED_DEVICE_FAMILY = "1,2";
				TEST_TARGET_NAME = Quiz17OctNo1;
			};
			name = Release;
		};
/* End XCBuildConfiguration section */

/* Begin XCConfigurationList section */
		D6DE98341F95AB8600AA07D4 /* Build configuration list for PBXProject "Quiz17OctNo1" */ = {
			isa = XCConfigurationList;
			buildConfigurations = (
				D6DE985F1F95AB8700AA07D4 /* Debug */,
				D6DE98601F95AB8700AA07D4 /* Release */,
			);
			defaultConfigurationIsVisible = 0;
			defaultConfigurationName = Release;
		};
		D6DE98611F95AB8700AA07D4 /* Build configuration list for PBXNativeTarget "Quiz17OctNo1" */ = {
			isa = XCConfigurationList;
			buildConfigurations = (
				D6DE98621F95AB8700AA07D4 /* Debug */,
				D6DE98631F95AB8700AA07D4 /* Release */,
			);
			defaultConfigurationIsVisible = 0;
			defaultConfigurationName = Release;
		};
		D6DE98641F95AB8700AA07D4 /* Build configuration list for PBXNativeTarget "Quiz17OctNo1Tests" */ = {
			isa = XCConfigurationList;
			buildConfigurations = (
				D6DE98651F95AB8700AA07D4 /* Debug */,
				D6DE98661F95AB8700AA07D4 /* Release */,
			);
			defaultConfigurationIsVisible = 0;
			defaultConfigurationName = Release;
		};
		D6DE98671F95AB8700AA07D4 /* Build configuration list for PBXNativeTarget "Quiz17OctNo1UITests" */ = {
			isa = XCConfigurationList;
			buildConfigurations = (
				D6DE98681F95AB8700AA07D4 /* Debug */,
				D6DE98691F95AB8700AA07D4 /* Release */,
			);
			defaultConfigurationIsVisible = 0;
			defaultConfigurationName = Release;
		};
/* End XCConfigurationList section */
	};
	rootObject = D6DE98311F95AB8600AA07D4 /* Project object */;
}
